
Microsoft Visual Studio Solution File, Format Version 12.00
# Visual Studio Version 16
VisualStudioVersion = 16.0.29009.5
MinimumVisualStudioVersion = 10.0.40219.1
Project("{9092AA53-FB77-4645-B42D-1CCCA6BD08BD}") = "firstjs", "firstjs.njsproj", "{1492BBFF-F989-4923-883C-FC36BB1F1B84}"
EndProject
Global
	GlobalSection(SolutionConfigurationPlatforms) = preSolution
		Debug|Any CPU = Debug|Any CPU
		Release|Any CPU = Release|Any CPU
	EndGlobalSection
	GlobalSection(ProjectConfigurationPlatforms) = postSolution
		{1492BBFF-F989-4923-883C-FC36BB1F1B84}.Debug|Any CPU.ActiveCfg = Debug|Any CPU
		{1492BBFF-F989-4923-883C-FC36BB1F1B84}.Debug|Any CPU.Build.0 = Debug|Any CPU
		{1492BBFF-F989-4923-883C-FC36BB1F1B84}.Release|Any CPU.ActiveCfg = Release|Any CPU
		{1492BBFF-F989-4923-883C-FC36BB1F1B84}.Release|Any CPU.Build.0 = Release|Any CPU
	EndGlobalSection
	GlobalSection(SolutionProperties) = preSolution
		HideSolutionNode = FALSE
	EndGlobalSection
	GlobalSection(ExtensibilityGlobals) = postSolution
		SolutionGuid = {756AC685-C704-4AA6-8A89-FAB7716972F5}
	EndGlobalSection
EndGlobal
